
Microsoft Visual Studio Solution File, Format Version 12.00
# Visual Studio Version 16
VisualStudioVersion = 16.0.31129.286
MinimumVisualStudioVersion = 10.0.40219.1
Project("{FAE04EC0-301F-11D3-BF4B-00C04F79EFBC}") = "WebTracNghiem_LeNgocVinh", "WebTracNghiem_LeNgocVinh\WebTracNghiem_LeNgocVinh.csproj", "{3B91E8AE-1210-45EA-ADD4-2A9951E0FF52}"
EndProject
Global
	GlobalSection(SolutionConfigurationPlatforms) = preSolution
		Debug|Any CPU = Debug|Any CPU
		Release|Any CPU = Release|Any CPU
	EndGlobalSection
	GlobalSection(ProjectConfigurationPlatforms) = postSolution
		{3B91E8AE-1210-45EA-ADD4-2A9951E0FF52}.Debug|Any CPU.ActiveCfg = Debug|Any CPU
		{3B91E8AE-1210-45EA-ADD4-2A9951E0FF52}.Debug|Any CPU.Build.0 = Debug|Any CPU
		{3B91E8AE-1210-45EA-ADD4-2A9951E0FF52}.Release|Any CPU.ActiveCfg = Release|Any CPU
		{3B91E8AE-1210-45EA-ADD4-2A9951E0FF52}.Release|Any CPU.Build.0 = Release|Any CPU
	EndGlobalSection
	GlobalSection(SolutionProperties) = preSolution
		HideSolutionNode = FALSE
	EndGlobalSection
	GlobalSection(ExtensibilityGlobals) = postSolution
		SolutionGuid = {8F454468-FAB1-4E9C-86D1-0794C30C9FBA}
	EndGlobalSection
EndGlobal
